// !$*UTF8*$!
{
	archiveVersion = 1;
	classes = {
	};
	objectVersion = 46;
	objects = {

/* Begin PBXBuildFile section */
		9F40B9B518285EC000EDDC4D /* main.cpp in Sources */ = {isa = PBXBuildFile; fileRef = 9F40B93018285EC000EDDC4D /* main.cpp */; };
		9F40B9B918285EC000EDDC4D /* threadpool.cpp in Sources */ = {isa = PBXBuildFile; fileRef = 9F40B94418285EC000EDDC4D /* threadpool.cpp */; };
		9F40B9BA18285EC000EDDC4D /* Makefile in Sources */ = {isa = PBXBuildFile; fileRef = 9F40B9A018285EC000EDDC4D /* Makefile */; };
		9F40B9BB18285EC000EDDC4D /* tinystr.cpp in Sources */ = {isa = PBXBuildFile; fileRef = 9F40B9A218285EC000EDDC4D /* tinystr.cpp */; };
		9F40B9BC18285EC000EDDC4D /* tinyxml.cpp in Sources */ = {isa = PBXBuildFile; fileRef = 9F40B9A418285EC000EDDC4D /* tinyxml.cpp */; };
		9F40B9BD18285EC000EDDC4D /* tinyxmlerror.cpp in Sources */ = {isa = PBXBuildFile; fileRef = 9F40B9A818285EC000EDDC4D /* tinyxmlerror.cpp */; };
		9F40B9BE18285EC000EDDC4D /* tinyxmlparser.cpp in Sources */ = {isa = PBXBuildFile; fileRef = 9F40B9A918285EC000EDDC4D /* tinyxmlparser.cpp */; };
		9F40B9C318285ECC00EDDC4D /* OpenGL.framework in Frameworks */ = {isa = PBXBuildFile; fileRef = 9F40B9C218285ECC00EDDC4D /* OpenGL.framework */; };
		9F40B9C518285ED200EDDC4D /* GLUT.framework in Frameworks */ = {isa = PBXBuildFile; fileRef = 9F40B9C418285ED200EDDC4D /* GLUT.framework */; };
		9F40B9C718285ED800EDDC4D /* libpthread.dylib in Frameworks */ = {isa = PBXBuildFile; fileRef = 9F40B9C618285ED800EDDC4D /* libpthread.dylib */; };
		9F40B9C818285F5900EDDC4D /* texture.h in Sources */ = {isa = PBXBuildFile; fileRef = 9F40B94318285EC000EDDC4D /* texture.h */; };
/* End PBXBuildFile section */

/* Begin PBXCopyFilesBuildPhase section */
		9F40B91418285E8B00EDDC4D /* CopyFiles */ = {
			isa = PBXCopyFilesBuildPhase;
			buildActionMask = 2147483647;
			dstPath = /usr/share/man/man1/;
			dstSubfolderSpec = 0;
			files = (
			);
			runOnlyForDeploymentPostprocessing = 1;
		};
/* End PBXCopyFilesBuildPhase section */

/* Begin PBXFileReference section */
		9F1EB45C185D229C000CB0C9 /* batmobile.obj */ = {isa = PBXFileReference; fileEncoding = 4; lastKnownFileType = text; path = batmobile.obj; sourceTree = "<group>"; };
		9F1EB45D185D229C000CB0C9 /* car.obj */ = {isa = PBXFileReference; fileEncoding = 4; lastKnownFileType = text; path = car.obj; sourceTree = "<group>"; };
		9F40B91618285E8B00EDDC4D /* RayTracePrj9 */ = {isa = PBXFileReference; explicitFileType = "compiled.mach-o.executable"; includeInIndex = 0; path = RayTracePrj9; sourceTree = BUILT_PRODUCTS_DIR; };
		9F40B92218285EBF00EDDC4D /* bricks.ppm */ = {isa = PBXFileReference; fileEncoding = 4; lastKnownFileType = text; path = bricks.ppm; sourceTree = "<group>"; };
		9F40B92318285EBF00EDDC4D /* clouds.ppm */ = {isa = PBXFileReference; fileEncoding = 4; lastKnownFileType = text; path = clouds.ppm; sourceTree = "<group>"; };
		9F40B92418285EBF00EDDC4D /* cyBVH.h */ = {isa = PBXFileReference; fileEncoding = 4; lastKnownFileType = sourcecode.c.h; path = cyBVH.h; sourceTree = "<group>"; };
		9F40B92518285EBF00EDDC4D /* cyColor.h */ = {isa = PBXFileReference; fileEncoding = 4; lastKnownFileType = sourcecode.c.h; path = cyColor.h; sourceTree = "<group>"; };
		9F40B92618285EBF00EDDC4D /* cyMatrix2.h */ = {isa = PBXFileReference; fileEncoding = 4; lastKnownFileType = sourcecode.c.h; path = cyMatrix2.h; sourceTree = "<group>"; };
		9F40B92718285EBF00EDDC4D /* cyMatrix3.h */ = {isa = PBXFileReference; fileEncoding = 4; lastKnownFileType = sourcecode.c.h; path = cyMatrix3.h; sourceTree = "<group>"; };
		9F40B92818285EBF00EDDC4D /* cyMatrix4.h */ = {isa = PBXFileReference; fileEncoding = 4; lastKnownFileType = sourcecode.c.h; path = cyMatrix4.h; sourceTree = "<group>"; };
		9F40B92918285EBF00EDDC4D /* cyPoint.h */ = {isa = PBXFileReference; fileEncoding = 4; lastKnownFileType = sourcecode.c.h; path = cyPoint.h; sourceTree = "<group>"; };
		9F40B92A18285EBF00EDDC4D /* cyTriMesh.h */ = {isa = PBXFileReference; fileEncoding = 4; lastKnownFileType = sourcecode.c.h; path = cyTriMesh.h; sourceTree = "<group>"; };
		9F40B92B18285EBF00EDDC4D /* earthmap.ppm */ = {isa = PBXFileReference; fileEncoding = 4; lastKnownFileType = text; path = earthmap.ppm; sourceTree = "<group>"; };
		9F40B92D18285EBF00EDDC4D /* renderimage1e-3.ppm */ = {isa = PBXFileReference; fileEncoding = 4; lastKnownFileType = text; path = "renderimage1e-3.ppm"; sourceTree = "<group>"; };
		9F40B92E18285EC000EDDC4D /* samplecountimage1e-3.ppm */ = {isa = PBXFileReference; lastKnownFileType = file; path = "samplecountimage1e-3.ppm"; sourceTree = "<group>"; };
		9F40B92F18285EC000EDDC4D /* lights.h */ = {isa = PBXFileReference; fileEncoding = 4; lastKnownFileType = sourcecode.c.h; path = lights.h; sourceTree = "<group>"; };
		9F40B93018285EC000EDDC4D /* main.cpp */ = {isa = PBXFileReference; fileEncoding = 4; lastKnownFileType = sourcecode.cpp.cpp; path = main.cpp; sourceTree = "<group>"; };
		9F40B93118285EC000EDDC4D /* materials.h */ = {isa = PBXFileReference; fileEncoding = 4; lastKnownFileType = sourcecode.c.h; path = materials.h; sourceTree = "<group>"; };
		9F40B93318285EC000EDDC4D /* materials.h */ = {isa = PBXFileReference; fileEncoding = 4; lastKnownFileType = sourcecode.c.h; path = materials.h; sourceTree = "<group>"; };
		9F40B93418285EC000EDDC4D /* scene.h */ = {isa = PBXFileReference; fileEncoding = 4; lastKnownFileType = sourcecode.c.h; path = scene.h; sourceTree = "<group>"; };
		9F40B93518285EC000EDDC4D /* viewport.cpp */ = {isa = PBXFileReference; fileEncoding = 4; lastKnownFileType = sourcecode.cpp.cpp; path = viewport.cpp; sourceTree = "<group>"; };
		9F40B93618285EC000EDDC4D /* xmlload.cpp */ = {isa = PBXFileReference; fileEncoding = 4; lastKnownFileType = sourcecode.cpp.cpp; path = xmlload.cpp; sourceTree = "<group>"; };
		9F40B93718285EC000EDDC4D /* objects.h */ = {isa = PBXFileReference; fileEncoding = 4; lastKnownFileType = sourcecode.c.h; path = objects.h; sourceTree = "<group>"; };
		9F40B93818285EC000EDDC4D /* Plane.h */ = {isa = PBXFileReference; fileEncoding = 4; lastKnownFileType = sourcecode.c.h; path = Plane.h; sourceTree = "<group>"; };
		9F40B93918285EC000EDDC4D /* Plane.obj */ = {isa = PBXFileReference; fileEncoding = 4; lastKnownFileType = text; path = Plane.obj; sourceTree = "<group>"; };
		9F40B93A18285EC000EDDC4D /* renderimage.ppm */ = {isa = PBXFileReference; fileEncoding = 4; lastKnownFileType = text; name = renderimage.ppm; path = ../renderimage.ppm; sourceTree = "<group>"; };
		9F40B93B18285EC000EDDC4D /* samplecountimage.ppm */ = {isa = PBXFileReference; lastKnownFileType = file; name = samplecountimage.ppm; path = ../samplecountimage.ppm; sourceTree = "<group>"; };
		9F40B93C18285EC000EDDC4D /* scene_2.xml */ = {isa = PBXFileReference; fileEncoding = 4; lastKnownFileType = text.xml; path = scene_2.xml; sourceTree = "<group>"; };
		9F40B93D18285EC000EDDC4D /* scene.h */ = {isa = PBXFileReference; fileEncoding = 4; lastKnownFileType = sourcecode.c.h; path = scene.h; sourceTree = "<group>"; };
		9F40B93E18285EC000EDDC4D /* scene.xml */ = {isa = PBXFileReference; fileEncoding = 4; lastKnownFileType = text.xml; path = scene.xml; sourceTree = "<group>"; };
		9F40B93F18285EC000EDDC4D /* sphere.h */ = {isa = PBXFileReference; fileEncoding = 4; lastKnownFileType = sourcecode.c.h; path = sphere.h; sourceTree = "<group>"; };
		9F40B94018285EC000EDDC4D /* teapot_hi.obj */ = {isa = PBXFileReference; fileEncoding = 4; lastKnownFileType = text; path = teapot_hi.obj; sourceTree = "<group>"; };
		9F40B94218285EC000EDDC4D /* texture.cpp */ = {isa = PBXFileReference; fileEncoding = 4; lastKnownFileType = sourcecode.cpp.cpp; path = texture.cpp; sourceTree = "<group>"; };
		9F40B94318285EC000EDDC4D /* texture.h */ = {isa = PBXFileReference; fileEncoding = 4; lastKnownFileType = sourcecode.c.h; path = texture.h; sourceTree = "<group>"; };
		9F40B94418285EC000EDDC4D /* threadpool.cpp */ = {isa = PBXFileReference; fileEncoding = 4; lastKnownFileType = sourcecode.cpp.cpp; path = threadpool.cpp; sourceTree = "<group>"; };
		9F40B94518285EC000EDDC4D /* threadpool.h */ = {isa = PBXFileReference; fileEncoding = 4; lastKnownFileType = sourcecode.c.h; path = threadpool.h; sourceTree = "<group>"; };
		9F40B94718285EC000EDDC4D /* changes.txt */ = {isa = PBXFileReference; fileEncoding = 4; lastKnownFileType = text; path = changes.txt; sourceTree = "<group>"; };
		9F40B94918285EC000EDDC4D /* annotated.html */ = {isa = PBXFileReference; fileEncoding = 4; lastKnownFileType = text.html; path = annotated.html; sourceTree = "<group>"; };
		9F40B94A18285EC000EDDC4D /* classes.html */ = {isa = PBXFileReference; fileEncoding = 4; lastKnownFileType = text.html; path = classes.html; sourceTree = "<group>"; };
		9F40B94B18285EC000EDDC4D /* classTiXmlAttribute-members.html */ = {isa = PBXFileReference; fileEncoding = 4; lastKnownFileType = text.html; path = "classTiXmlAttribute-members.html"; sourceTree = "<group>"; };
		9F40B94C18285EC000EDDC4D /* classTiXmlAttribute.html */ = {isa = PBXFileReference; fileEncoding = 4; lastKnownFileType = text.html; path = classTiXmlAttribute.html; sourceTree = "<group>"; };
		9F40B94D18285EC000EDDC4D /* classTiXmlAttribute.png */ = {isa = PBXFileReference; lastKnownFileType = image.png; path = classTiXmlAttribute.png; sourceTree = "<group>"; };
		9F40B94E18285EC000EDDC4D /* classTiXmlBase-members.html */ = {isa = PBXFileReference; fileEncoding = 4; lastKnownFileType = text.html; path = "classTiXmlBase-members.html"; sourceTree = "<group>"; };
		9F40B94F18285EC000EDDC4D /* classTiXmlBase.html */ = {isa = PBXFileReference; fileEncoding = 4; lastKnownFileType = text.html; path = classTiXmlBase.html; sourceTree = "<group>"; };
		9F40B95018285EC000EDDC4D /* classTiXmlBase.png */ = {isa = PBXFileReference; lastKnownFileType = image.png; path = classTiXmlBase.png; sourceTree = "<group>"; };
		9F40B95118285EC000EDDC4D /* classTiXmlComment-members.html */ = {isa = PBXFileReference; fileEncoding = 4; lastKnownFileType = text.html; path = "classTiXmlComment-members.html"; sourceTree = "<group>"; };
		9F40B95218285EC000EDDC4D /* classTiXmlComment.html */ = {isa = PBXFileReference; fileEncoding = 4; lastKnownFileType = text.html; path = classTiXmlComment.html; sourceTree = "<group>"; };
		9F40B95318285EC000EDDC4D /* classTiXmlComment.png */ = {isa = PBXFileReference; lastKnownFileType = image.png; path = classTiXmlComment.png; sourceTree = "<group>"; };
		9F40B95418285EC000EDDC4D /* classTiXmlDeclaration-members.html */ = {isa = PBXFileReference; fileEncoding = 4; lastKnownFileType = text.html; path = "classTiXmlDeclaration-members.html"; sourceTree = "<group>"; };
		9F40B95518285EC000EDDC4D /* classTiXmlDeclaration.html */ = {isa = PBXFileReference; fileEncoding = 4; lastKnownFileType = text.html; path = classTiXmlDeclaration.html; sourceTree = "<group>"; };
		9F40B95618285EC000EDDC4D /* classTiXmlDeclaration.png */ = {isa = PBXFileReference; lastKnownFileType = image.png; path = classTiXmlDeclaration.png; sourceTree = "<group>"; };
		9F40B95718285EC000EDDC4D /* classTiXmlDocument-members.html */ = {isa = PBXFileReference; fileEncoding = 4; lastKnownFileType = text.html; path = "classTiXmlDocument-members.html"; sourceTree = "<group>"; };
		9F40B95818285EC000EDDC4D /* classTiXmlDocument.html */ = {isa = PBXFileReference; fileEncoding = 4; lastKnownFileType = text.html; path = classTiXmlDocument.html; sourceTree = "<group>"; };
		9F40B95918285EC000EDDC4D /* classTiXmlDocument.png */ = {isa = PBXFileReference; lastKnownFileType = image.png; path = classTiXmlDocument.png; sourceTree = "<group>"; };
		9F40B95A18285EC000EDDC4D /* classTiXmlElement-members.html */ = {isa = PBXFileReference; fileEncoding = 4; lastKnownFileType = text.html; path = "classTiXmlElement-members.html"; sourceTree = "<group>"; };
		9F40B95B18285EC000EDDC4D /* classTiXmlElement.html */ = {isa = PBXFileReference; fileEncoding = 4; lastKnownFileType = text.html; path = classTiXmlElement.html; sourceTree = "<group>"; };
		9F40B95C18285EC000EDDC4D /* classTiXmlElement.png */ = {isa = PBXFileReference; lastKnownFileType = image.png; path = classTiXmlElement.png; sourceTree = "<group>"; };
		9F40B95D18285EC000EDDC4D /* classTiXmlHandle-members.html */ = {isa = PBXFileReference; fileEncoding = 4; lastKnownFileType = text.html; path = "classTiXmlHandle-members.html"; sourceTree = "<group>"; };
		9F40B95E18285EC000EDDC4D /* classTiXmlHandle.html */ = {isa = PBXFileReference; fileEncoding = 4; lastKnownFileType = text.html; path = classTiXmlHandle.html; sourceTree = "<group>"; };
		9F40B95F18285EC000EDDC4D /* classTiXmlNode-members.html */ = {isa = PBXFileReference; fileEncoding = 4; lastKnownFileType = text.html; path = "classTiXmlNode-members.html"; sourceTree = "<group>"; };
		9F40B96018285EC000EDDC4D /* classTiXmlNode.html */ = {isa = PBXFileReference; fileEncoding = 4; lastKnownFileType = text.html; path = classTiXmlNode.html; sourceTree = "<group>"; };
		9F40B96118285EC000EDDC4D /* classTiXmlNode.png */ = {isa = PBXFileReference; lastKnownFileType = image.png; path = classTiXmlNode.png; sourceTree = "<group>"; };
		9F40B96218285EC000EDDC4D /* classTiXmlPrinter-members.html */ = {isa = PBXFileReference; fileEncoding = 4; lastKnownFileType = text.html; path = "classTiXmlPrinter-members.html"; sourceTree = "<group>"; };
		9F40B96318285EC000EDDC4D /* classTiXmlPrinter.html */ = {isa = PBXFileReference; fileEncoding = 4; lastKnownFileType = text.html; path = classTiXmlPrinter.html; sourceTree = "<group>"; };
		9F40B96418285EC000EDDC4D /* classTiXmlPrinter.png */ = {isa = PBXFileReference; lastKnownFileType = image.png; path = classTiXmlPrinter.png; sourceTree = "<group>"; };
		9F40B96518285EC000EDDC4D /* classTiXmlText-members.html */ = {isa = PBXFileReference; fileEncoding = 4; lastKnownFileType = text.html; path = "classTiXmlText-members.html"; sourceTree = "<group>"; };
		9F40B96618285EC000EDDC4D /* classTiXmlText.html */ = {isa = PBXFileReference; fileEncoding = 4; lastKnownFileType = text.html; path = classTiXmlText.html; sourceTree = "<group>"; };
		9F40B96718285EC000EDDC4D /* classTiXmlText.png */ = {isa = PBXFileReference; lastKnownFileType = image.png; path = classTiXmlText.png; sourceTree = "<group>"; };
		9F40B96818285EC000EDDC4D /* classTiXmlUnknown-members.html */ = {isa = PBXFileReference; fileEncoding = 4; lastKnownFileType = text.html; path = "classTiXmlUnknown-members.html"; sourceTree = "<group>"; };
		9F40B96918285EC000EDDC4D /* classTiXmlUnknown.html */ = {isa = PBXFileReference; fileEncoding = 4; lastKnownFileType = text.html; path = classTiXmlUnknown.html; sourceTree = "<group>"; };
		9F40B96A18285EC000EDDC4D /* classTiXmlUnknown.png */ = {isa = PBXFileReference; lastKnownFileType = image.png; path = classTiXmlUnknown.png; sourceTree = "<group>"; };
		9F40B96B18285EC000EDDC4D /* classTiXmlVisitor-members.html */ = {isa = PBXFileReference; fileEncoding = 4; lastKnownFileType = text.html; path = "classTiXmlVisitor-members.html"; sourceTree = "<group>"; };
		9F40B96C18285EC000EDDC4D /* classTiXmlVisitor.html */ = {isa = PBXFileReference; fileEncoding = 4; lastKnownFileType = text.html; path = classTiXmlVisitor.html; sourceTree = "<group>"; };
		9F40B96D18285EC000EDDC4D /* classTiXmlVisitor.png */ = {isa = PBXFileReference; lastKnownFileType = image.png; path = classTiXmlVisitor.png; sourceTree = "<group>"; };
		9F40B96E18285EC000EDDC4D /* deprecated.html */ = {isa = PBXFileReference; fileEncoding = 4; lastKnownFileType = text.html; path = deprecated.html; sourceTree = "<group>"; };
		9F40B96F18285EC000EDDC4D /* doxygen.css */ = {isa = PBXFileReference; fileEncoding = 4; lastKnownFileType = text.css; path = doxygen.css; sourceTree = "<group>"; };
		9F40B97018285EC000EDDC4D /* doxygen.png */ = {isa = PBXFileReference; lastKnownFileType = image.png; path = doxygen.png; sourceTree = "<group>"; };
		9F40B97118285EC000EDDC4D /* files.html */ = {isa = PBXFileReference; fileEncoding = 4; lastKnownFileType = text.html; path = files.html; sourceTree = "<group>"; };
		9F40B97218285EC000EDDC4D /* functions.html */ = {isa = PBXFileReference; fileEncoding = 4; lastKnownFileType = text.html; path = functions.html; sourceTree = "<group>"; };
		9F40B97318285EC000EDDC4D /* functions_0x63.html */ = {isa = PBXFileReference; fileEncoding = 4; lastKnownFileType = text.html; path = functions_0x63.html; sourceTree = "<group>"; };
		9F40B97418285EC000EDDC4D /* functions_0x64.html */ = {isa = PBXFileReference; fileEncoding = 4; lastKnownFileType = text.html; path = functions_0x64.html; sourceTree = "<group>"; };
		9F40B97518285EC000EDDC4D /* functions_0x65.html */ = {isa = PBXFileReference; fileEncoding = 4; lastKnownFileType = text.html; path = functions_0x65.html; sourceTree = "<group>"; };
		9F40B97618285EC000EDDC4D /* functions_0x66.html */ = {isa = PBXFileReference; fileEncoding = 4; lastKnownFileType = text.html; path = functions_0x66.html; sourceTree = "<group>"; };
		9F40B97718285EC000EDDC4D /* functions_0x67.html */ = {isa = PBXFileReference; fileEncoding = 4; lastKnownFileType = text.html; path = functions_0x67.html; sourceTree = "<group>"; };
		9F40B97818285EC000EDDC4D /* functions_0x69.html */ = {isa = PBXFileReference; fileEncoding = 4; lastKnownFileType = text.html; path = functions_0x69.html; sourceTree = "<group>"; };
		9F40B97918285EC000EDDC4D /* functions_0x6c.html */ = {isa = PBXFileReference; fileEncoding = 4; lastKnownFileType = text.html; path = functions_0x6c.html; sourceTree = "<group>"; };
		9F40B97A18285EC000EDDC4D /* functions_0x6e.html */ = {isa = PBXFileReference; fileEncoding = 4; lastKnownFileType = text.html; path = functions_0x6e.html; sourceTree = "<group>"; };
		9F40B97B18285EC000EDDC4D /* functions_0x6f.html */ = {isa = PBXFileReference; fileEncoding = 4; lastKnownFileType = text.html; path = functions_0x6f.html; sourceTree = "<group>"; };
		9F40B97C18285EC000EDDC4D /* functions_0x70.html */ = {isa = PBXFileReference; fileEncoding = 4; lastKnownFileType = text.html; path = functions_0x70.html; sourceTree = "<group>"; };
		9F40B97D18285EC000EDDC4D /* functions_0x71.html */ = {isa = PBXFileReference; fileEncoding = 4; lastKnownFileType = text.html; path = functions_0x71.html; sourceTree = "<group>"; };
		9F40B97E18285EC000EDDC4D /* functions_0x72.html */ = {isa = PBXFileReference; fileEncoding = 4; lastKnownFileType = text.html; path = functions_0x72.html; sourceTree = "<group>"; };
		9F40B97F18285EC000EDDC4D /* functions_0x73.html */ = {isa = PBXFileReference; fileEncoding = 4; lastKnownFileType = text.html; path = functions_0x73.html; sourceTree = "<group>"; };
		9F40B98018285EC000EDDC4D /* functions_0x74.html */ = {isa = PBXFileReference; fileEncoding = 4; lastKnownFileType = text.html; path = functions_0x74.html; sourceTree = "<group>"; };
		9F40B98118285EC000EDDC4D /* functions_0x75.html */ = {isa = PBXFileReference; fileEncoding = 4; lastKnownFileType = text.html; path = functions_0x75.html; sourceTree = "<group>"; };
		9F40B98218285EC000EDDC4D /* functions_0x76.html */ = {isa = PBXFileReference; fileEncoding = 4; lastKnownFileType = text.html; path = functions_0x76.html; sourceTree = "<group>"; };
		9F40B98318285EC000EDDC4D /* functions_enum.html */ = {isa = PBXFileReference; fileEncoding = 4; lastKnownFileType = text.html; path = functions_enum.html; sourceTree = "<group>"; };
		9F40B98418285EC000EDDC4D /* functions_func.html */ = {isa = PBXFileReference; fileEncoding = 4; lastKnownFileType = text.html; path = functions_func.html; sourceTree = "<group>"; };
		9F40B98518285EC000EDDC4D /* functions_func_0x63.html */ = {isa = PBXFileReference; fileEncoding = 4; lastKnownFileType = text.html; path = functions_func_0x63.html; sourceTree = "<group>"; };
		9F40B98618285EC000EDDC4D /* functions_func_0x64.html */ = {isa = PBXFileReference; fileEncoding = 4; lastKnownFileType = text.html; path = functions_func_0x64.html; sourceTree = "<group>"; };
		9F40B98718285EC000EDDC4D /* functions_func_0x65.html */ = {isa = PBXFileReference; fileEncoding = 4; lastKnownFileType = text.html; path = functions_func_0x65.html; sourceTree = "<group>"; };
		9F40B98818285EC000EDDC4D /* functions_func_0x66.html */ = {isa = PBXFileReference; fileEncoding = 4; lastKnownFileType = text.html; path = functions_func_0x66.html; sourceTree = "<group>"; };
		9F40B98918285EC000EDDC4D /* functions_func_0x67.html */ = {isa = PBXFileReference; fileEncoding = 4; lastKnownFileType = text.html; path = functions_func_0x67.html; sourceTree = "<group>"; };
		9F40B98A18285EC000EDDC4D /* functions_func_0x69.html */ = {isa = PBXFileReference; fileEncoding = 4; lastKnownFileType = text.html; path = functions_func_0x69.html; sourceTree = "<group>"; };
		9F40B98B18285EC000EDDC4D /* functions_func_0x6c.html */ = {isa = PBXFileReference; fileEncoding = 4; lastKnownFileType = text.html; path = functions_func_0x6c.html; sourceTree = "<group>"; };
		9F40B98C18285EC000EDDC4D /* functions_func_0x6e.html */ = {isa = PBXFileReference; fileEncoding = 4; lastKnownFileType = text.html; path = functions_func_0x6e.html; sourceTree = "<group>"; };
		9F40B98D18285EC000EDDC4D /* functions_func_0x70.html */ = {isa = PBXFileReference; fileEncoding = 4; lastKnownFileType = text.html; path = functions_func_0x70.html; sourceTree = "<group>"; };
		9F40B98E18285EC000EDDC4D /* functions_func_0x71.html */ = {isa = PBXFileReference; fileEncoding = 4; lastKnownFileType = text.html; path = functions_func_0x71.html; sourceTree = "<group>"; };
		9F40B98F18285EC000EDDC4D /* functions_func_0x72.html */ = {isa = PBXFileReference; fileEncoding = 4; lastKnownFileType = text.html; path = functions_func_0x72.html; sourceTree = "<group>"; };
		9F40B99018285EC000EDDC4D /* functions_func_0x73.html */ = {isa = PBXFileReference; fileEncoding = 4; lastKnownFileType = text.html; path = functions_func_0x73.html; sourceTree = "<group>"; };
		9F40B99118285EC000EDDC4D /* functions_func_0x74.html */ = {isa = PBXFileReference; fileEncoding = 4; lastKnownFileType = text.html; path = functions_func_0x74.html; sourceTree = "<group>"; };
		9F40B99218285EC000EDDC4D /* functions_func_0x75.html */ = {isa = PBXFileReference; fileEncoding = 4; lastKnownFileType = text.html; path = functions_func_0x75.html; sourceTree = "<group>"; };
		9F40B99318285EC000EDDC4D /* functions_func_0x76.html */ = {isa = PBXFileReference; fileEncoding = 4; lastKnownFileType = text.html; path = functions_func_0x76.html; sourceTree = "<group>"; };
		9F40B99418285EC000EDDC4D /* functions_rela.html */ = {isa = PBXFileReference; fileEncoding = 4; lastKnownFileType = text.html; path = functions_rela.html; sourceTree = "<group>"; };
		9F40B99518285EC000EDDC4D /* functions_vars.html */ = {isa = PBXFileReference; fileEncoding = 4; lastKnownFileType = text.html; path = functions_vars.html; sourceTree = "<group>"; };
		9F40B99618285EC000EDDC4D /* hierarchy.html */ = {isa = PBXFileReference; fileEncoding = 4; lastKnownFileType = text.html; path = hierarchy.html; sourceTree = "<group>"; };
		9F40B99718285EC000EDDC4D /* index.html */ = {isa = PBXFileReference; fileEncoding = 4; lastKnownFileType = text.html; path = index.html; sourceTree = "<group>"; };
		9F40B99818285EC000EDDC4D /* pages.html */ = {isa = PBXFileReference; fileEncoding = 4; lastKnownFileType = text.html; path = pages.html; sourceTree = "<group>"; };
		9F40B99918285EC000EDDC4D /* tab_b.gif */ = {isa = PBXFileReference; lastKnownFileType = image.gif; path = tab_b.gif; sourceTree = "<group>"; };
		9F40B99A18285EC000EDDC4D /* tab_l.gif */ = {isa = PBXFileReference; lastKnownFileType = image.gif; path = tab_l.gif; sourceTree = "<group>"; };
		9F40B99B18285EC000EDDC4D /* tab_r.gif */ = {isa = PBXFileReference; lastKnownFileType = image.gif; path = tab_r.gif; sourceTree = "<group>"; };
		9F40B99C18285EC000EDDC4D /* tabs.css */ = {isa = PBXFileReference; fileEncoding = 4; lastKnownFileType = text.css; path = tabs.css; sourceTree = "<group>"; };
		9F40B99D18285EC000EDDC4D /* tinystr_8h_source.html */ = {isa = PBXFileReference; fileEncoding = 4; lastKnownFileType = text.html; path = tinystr_8h_source.html; sourceTree = "<group>"; };
		9F40B99E18285EC000EDDC4D /* tinyxml_8h_source.html */ = {isa = PBXFileReference; fileEncoding = 4; lastKnownFileType = text.html; path = tinyxml_8h_source.html; sourceTree = "<group>"; };
		9F40B99F18285EC000EDDC4D /* tutorial0.html */ = {isa = PBXFileReference; fileEncoding = 4; lastKnownFileType = text.html; path = tutorial0.html; sourceTree = "<group>"; };
		9F40B9A018285EC000EDDC4D /* Makefile */ = {isa = PBXFileReference; fileEncoding = 4; lastKnownFileType = sourcecode.make; path = Makefile; sourceTree = "<group>"; };
		9F40B9A118285EC000EDDC4D /* readme.txt */ = {isa = PBXFileReference; fileEncoding = 4; lastKnownFileType = text; path = readme.txt; sourceTree = "<group>"; };
		9F40B9A218285EC000EDDC4D /* tinystr.cpp */ = {isa = PBXFileReference; fileEncoding = 4; lastKnownFileType = sourcecode.cpp.cpp; path = tinystr.cpp; sourceTree = "<group>"; };
		9F40B9A318285EC000EDDC4D /* tinystr.h */ = {isa = PBXFileReference; fileEncoding = 4; lastKnownFileType = sourcecode.c.h; path = tinystr.h; sourceTree = "<group>"; };
		9F40B9A418285EC000EDDC4D /* tinyxml.cpp */ = {isa = PBXFileReference; fileEncoding = 4; lastKnownFileType = sourcecode.cpp.cpp; path = tinyxml.cpp; sourceTree = "<group>"; };
		9F40B9A518285EC000EDDC4D /* tinyxml.h */ = {isa = PBXFileReference; fileEncoding = 4; lastKnownFileType = sourcecode.c.h; path = tinyxml.h; sourceTree = "<group>"; };
		9F40B9A618285EC000EDDC4D /* tinyxml.sln */ = {isa = PBXFileReference; fileEncoding = 4; lastKnownFileType = text; path = tinyxml.sln; sourceTree = "<group>"; };
		9F40B9A718285EC000EDDC4D /* tinyxml_lib.vcxproj */ = {isa = PBXFileReference; fileEncoding = 4; lastKnownFileType = text.xml; path = tinyxml_lib.vcxproj; sourceTree = "<group>"; };
		9F40B9A818285EC000EDDC4D /* tinyxmlerror.cpp */ = {isa = PBXFileReference; fileEncoding = 4; lastKnownFileType = sourcecode.cpp.cpp; path = tinyxmlerror.cpp; sourceTree = "<group>"; };
		9F40B9A918285EC000EDDC4D /* tinyxmlparser.cpp */ = {isa = PBXFileReference; fileEncoding = 4; lastKnownFileType = sourcecode.cpp.cpp; path = tinyxmlparser.cpp; sourceTree = "<group>"; };
		9F40B9AA18285EC000EDDC4D /* tinyxmlSTL.vcxproj */ = {isa = PBXFileReference; fileEncoding = 4; lastKnownFileType = text.xml; path = tinyxmlSTL.vcxproj; sourceTree = "<group>"; };
		9F40B9AB18285EC000EDDC4D /* tinyXmlTest.vcxproj */ = {isa = PBXFileReference; fileEncoding = 4; lastKnownFileType = text.xml; path = tinyXmlTest.vcxproj; sourceTree = "<group>"; };
		9F40B9AC18285EC000EDDC4D /* tinyXmlTestSTL.vcxproj */ = {isa = PBXFileReference; fileEncoding = 4; lastKnownFileType = text.xml; path = tinyXmlTestSTL.vcxproj; sourceTree = "<group>"; };
		9F40B9AD18285EC000EDDC4D /* utf8test.gif */ = {isa = PBXFileReference; lastKnownFileType = image.gif; path = utf8test.gif; sourceTree = "<group>"; };
		9F40B9AE18285EC000EDDC4D /* utf8test.xml */ = {isa = PBXFileReference; fileEncoding = 4; lastKnownFileType = text.xml; path = utf8test.xml; sourceTree = "<group>"; };
		9F40B9AF18285EC000EDDC4D /* utf8testverify.xml */ = {isa = PBXFileReference; fileEncoding = 4; lastKnownFileType = text.xml; path = utf8testverify.xml; sourceTree = "<group>"; };
		9F40B9B018285EC000EDDC4D /* xmltest.cpp */ = {isa = PBXFileReference; fileEncoding = 4; lastKnownFileType = sourcecode.cpp.cpp; path = xmltest.cpp; sourceTree = "<group>"; };
		9F40B9B118285EC000EDDC4D /* TriObj.h */ = {isa = PBXFileReference; fileEncoding = 4; lastKnownFileType = sourcecode.c.h; path = TriObj.h; sourceTree = "<group>"; };
		9F40B9B218285EC000EDDC4D /* viewport.cpp */ = {isa = PBXFileReference; fileEncoding = 4; lastKnownFileType = sourcecode.cpp.cpp; path = viewport.cpp; sourceTree = "<group>"; };
		9F40B9B318285EC000EDDC4D /* xmlload.cpp */ = {isa = PBXFileReference; fileEncoding = 4; lastKnownFileType = sourcecode.cpp.cpp; path = xmlload.cpp; sourceTree = "<group>"; };
		9F40B9B418285EC000EDDC4D /* zbuffer.ppm */ = {isa = PBXFileReference; lastKnownFileType = file; name = zbuffer.ppm; path = ../zbuffer.ppm; sourceTree = "<group>"; };
		9F40B9C218285ECC00EDDC4D /* OpenGL.framework */ = {isa = PBXFileReference; lastKnownFileType = wrapper.framework; name = OpenGL.framework; path = System/Library/Frameworks/OpenGL.framework; sourceTree = SDKROOT; };
		9F40B9C418285ED200EDDC4D /* GLUT.framework */ = {isa = PBXFileReference; lastKnownFileType = wrapper.framework; name = GLUT.framework; path = System/Library/Frameworks/GLUT.framework; sourceTree = SDKROOT; };
		9F40B9C618285ED800EDDC4D /* libpthread.dylib */ = {isa = PBXFileReference; lastKnownFileType = "compiled.mach-o.dylib"; name = libpthread.dylib; path = usr/lib/libpthread.dylib; sourceTree = SDKROOT; };
		9FF2161218434AD60088FACD /* bunny.obj */ = {isa = PBXFileReference; fileEncoding = 4; lastKnownFileType = text; path = bunny.obj; sourceTree = "<group>"; };
/* End PBXFileReference section */

/* Begin PBXFrameworksBuildPhase section */
		9F40B91318285E8B00EDDC4D /* Frameworks */ = {
			isa = PBXFrameworksBuildPhase;
			buildActionMask = 2147483647;
			files = (
				9F40B9C718285ED800EDDC4D /* libpthread.dylib in Frameworks */,
				9F40B9C518285ED200EDDC4D /* GLUT.framework in Frameworks */,
				9F40B9C318285ECC00EDDC4D /* OpenGL.framework in Frameworks */,
			);
			runOnlyForDeploymentPostprocessing = 0;
		};
/* End PBXFrameworksBuildPhase section */

/* Begin PBXGroup section */
		9F40B90D18285E8B00EDDC4D = {
			isa = PBXGroup;
			children = (
				9F40B9C618285ED800EDDC4D /* libpthread.dylib */,
				9F40B9C418285ED200EDDC4D /* GLUT.framework */,
				9F40B9C218285ECC00EDDC4D /* OpenGL.framework */,
				9F40B91818285E8B00EDDC4D /* RayTracePrj9 */,
				9F40B91718285E8B00EDDC4D /* Products */,
			);
			sourceTree = "<group>";
		};
		9F40B91718285E8B00EDDC4D /* Products */ = {
			isa = PBXGroup;
			children = (
				9F40B91618285E8B00EDDC4D /* RayTracePrj9 */,
			);
			name = Products;
			sourceTree = "<group>";
		};
		9F40B91818285E8B00EDDC4D /* RayTracePrj9 */ = {
			isa = PBXGroup;
			children = (
				9F40B9CD182866AB00EDDC4D /* scene */,
				9F40B9CC1828668F00EDDC4D /* obj */,
				9F40B9CB1828667100EDDC4D /* headers */,
				9F40B9CA1828662D00EDDC4D /* ppm_images */,
				9F40B9C91828660000EDDC4D /* cyCodeBase */,
				9F40B92C18285EBF00EDDC4D /* render_images */,
				9F40B93018285EC000EDDC4D /* main.cpp */,
				9F40B93218285EC000EDDC4D /* newfiles */,
				9F40B93818285EC000EDDC4D /* Plane.h */,
				9F40B93F18285EC000EDDC4D /* sphere.h */,
				9F40B94218285EC000EDDC4D /* texture.cpp */,
				9F40B94418285EC000EDDC4D /* threadpool.cpp */,
				9F40B94618285EC000EDDC4D /* tinyxml */,
				9F40B9B118285EC000EDDC4D /* TriObj.h */,
				9F40B9B218285EC000EDDC4D /* viewport.cpp */,
				9F40B9B318285EC000EDDC4D /* xmlload.cpp */,
			);
			path = RayTracePrj9;
			sourceTree = "<group>";
		};
		9F40B92C18285EBF00EDDC4D /* render_images */ = {
			isa = PBXGroup;
			children = (
				9F40B93A18285EC000EDDC4D /* renderimage.ppm */,
				9F40B93B18285EC000EDDC4D /* samplecountimage.ppm */,
				9F40B9B418285EC000EDDC4D /* zbuffer.ppm */,
				9F40B92D18285EBF00EDDC4D /* renderimage1e-3.ppm */,
				9F40B92E18285EC000EDDC4D /* samplecountimage1e-3.ppm */,
			);
			name = render_images;
			path = images;
			sourceTree = "<group>";
		};
		9F40B93218285EC000EDDC4D /* newfiles */ = {
			isa = PBXGroup;
			children = (
				9F40B93318285EC000EDDC4D /* materials.h */,
				9F40B93418285EC000EDDC4D /* scene.h */,
				9F40B93518285EC000EDDC4D /* viewport.cpp */,
				9F40B93618285EC000EDDC4D /* xmlload.cpp */,
			);
			path = newfiles;
			sourceTree = "<group>";
		};
		9F40B94618285EC000EDDC4D /* tinyxml */ = {
			isa = PBXGroup;
			children = (
				9F40B94718285EC000EDDC4D /* changes.txt */,
				9F40B94818285EC000EDDC4D /* docs */,
				9F40B9A018285EC000EDDC4D /* Makefile */,
				9F40B9A118285EC000EDDC4D /* readme.txt */,
				9F40B9A218285EC000EDDC4D /* tinystr.cpp */,
				9F40B9A318285EC000EDDC4D /* tinystr.h */,
				9F40B9A418285EC000EDDC4D /* tinyxml.cpp */,
				9F40B9A518285EC000EDDC4D /* tinyxml.h */,
				9F40B9A618285EC000EDDC4D /* tinyxml.sln */,
				9F40B9A718285EC000EDDC4D /* tinyxml_lib.vcxproj */,
				9F40B9A818285EC000EDDC4D /* tinyxmlerror.cpp */,
				9F40B9A918285EC000EDDC4D /* tinyxmlparser.cpp */,
				9F40B9AA18285EC000EDDC4D /* tinyxmlSTL.vcxproj */,
				9F40B9AB18285EC000EDDC4D /* tinyXmlTest.vcxproj */,
				9F40B9AC18285EC000EDDC4D /* tinyXmlTestSTL.vcxproj */,
				9F40B9AD18285EC000EDDC4D /* utf8test.gif */,
				9F40B9AE18285EC000EDDC4D /* utf8test.xml */,
				9F40B9AF18285EC000EDDC4D /* utf8testverify.xml */,
				9F40B9B018285EC000EDDC4D /* xmltest.cpp */,
			);
			path = tinyxml;
			sourceTree = "<group>";
		};
		9F40B94818285EC000EDDC4D /* docs */ = {
			isa = PBXGroup;
			children = (
				9F40B94918285EC000EDDC4D /* annotated.html */,
				9F40B94A18285EC000EDDC4D /* classes.html */,
				9F40B94B18285EC000EDDC4D /* classTiXmlAttribute-members.html */,
				9F40B94C18285EC000EDDC4D /* classTiXmlAttribute.html */,
				9F40B94D18285EC000EDDC4D /* classTiXmlAttribute.png */,
				9F40B94E18285EC000EDDC4D /* classTiXmlBase-members.html */,
				9F40B94F18285EC000EDDC4D /* classTiXmlBase.html */,
				9F40B95018285EC000EDDC4D /* classTiXmlBase.png */,
				9F40B95118285EC000EDDC4D /* classTiXmlComment-members.html */,
				9F40B95218285EC000EDDC4D /* classTiXmlComment.html */,
				9F40B95318285EC000EDDC4D /* classTiXmlComment.png */,
				9F40B95418285EC000EDDC4D /* classTiXmlDeclaration-members.html */,
				9F40B95518285EC000EDDC4D /* classTiXmlDeclaration.html */,
				9F40B95618285EC000EDDC4D /* classTiXmlDeclaration.png */,
				9F40B95718285EC000EDDC4D /* classTiXmlDocument-members.html */,
				9F40B95818285EC000EDDC4D /* classTiXmlDocument.html */,
				9F40B95918285EC000EDDC4D /* classTiXmlDocument.png */,
				9F40B95A18285EC000EDDC4D /* classTiXmlElement-members.html */,
				9F40B95B18285EC000EDDC4D /* classTiXmlElement.html */,
				9F40B95C18285EC000EDDC4D /* classTiXmlElement.png */,
				9F40B95D18285EC000EDDC4D /* classTiXmlHandle-members.html */,
				9F40B95E18285EC000EDDC4D /* classTiXmlHandle.html */,
				9F40B95F18285EC000EDDC4D /* classTiXmlNode-members.html */,
				9F40B96018285EC000EDDC4D /* classTiXmlNode.html */,
				9F40B96118285EC000EDDC4D /* classTiXmlNode.png */,
				9F40B96218285EC000EDDC4D /* classTiXmlPrinter-members.html */,
				9F40B96318285EC000EDDC4D /* classTiXmlPrinter.html */,
				9F40B96418285EC000EDDC4D /* classTiXmlPrinter.png */,
				9F40B96518285EC000EDDC4D /* classTiXmlText-members.html */,
				9F40B96618285EC000EDDC4D /* classTiXmlText.html */,
				9F40B96718285EC000EDDC4D /* classTiXmlText.png */,
				9F40B96818285EC000EDDC4D /* classTiXmlUnknown-members.html */,
				9F40B96918285EC000EDDC4D /* classTiXmlUnknown.html */,
				9F40B96A18285EC000EDDC4D /* classTiXmlUnknown.png */,
				9F40B96B18285EC000EDDC4D /* classTiXmlVisitor-members.html */,
				9F40B96C18285EC000EDDC4D /* classTiXmlVisitor.html */,
				9F40B96D18285EC000EDDC4D /* classTiXmlVisitor.png */,
				9F40B96E18285EC000EDDC4D /* deprecated.html */,
				9F40B96F18285EC000EDDC4D /* doxygen.css */,
				9F40B97018285EC000EDDC4D /* doxygen.png */,
				9F40B97118285EC000EDDC4D /* files.html */,
				9F40B97218285EC000EDDC4D /* functions.html */,
				9F40B97318285EC000EDDC4D /* functions_0x63.html */,
				9F40B97418285EC000EDDC4D /* functions_0x64.html */,
				9F40B97518285EC000EDDC4D /* functions_0x65.html */,
				9F40B97618285EC000EDDC4D /* functions_0x66.html */,
				9F40B97718285EC000EDDC4D /* functions_0x67.html */,
				9F40B97818285EC000EDDC4D /* functions_0x69.html */,
				9F40B97918285EC000EDDC4D /* functions_0x6c.html */,
				9F40B97A18285EC000EDDC4D /* functions_0x6e.html */,
				9F40B97B18285EC000EDDC4D /* functions_0x6f.html */,
				9F40B97C18285EC000EDDC4D /* functions_0x70.html */,
				9F40B97D18285EC000EDDC4D /* functions_0x71.html */,
				9F40B97E18285EC000EDDC4D /* functions_0x72.html */,
				9F40B97F18285EC000EDDC4D /* functions_0x73.html */,
				9F40B98018285EC000EDDC4D /* functions_0x74.html */,
				9F40B98118285EC000EDDC4D /* functions_0x75.html */,
				9F40B98218285EC000EDDC4D /* functions_0x76.html */,
				9F40B98318285EC000EDDC4D /* functions_enum.html */,
				9F40B98418285EC000EDDC4D /* functions_func.html */,
				9F40B98518285EC000EDDC4D /* functions_func_0x63.html */,
				9F40B98618285EC000EDDC4D /* functions_func_0x64.html */,
				9F40B98718285EC000EDDC4D /* functions_func_0x65.html */,
				9F40B98818285EC000EDDC4D /* functions_func_0x66.html */,
				9F40B98918285EC000EDDC4D /* functions_func_0x67.html */,
				9F40B98A18285EC000EDDC4D /* functions_func_0x69.html */,
				9F40B98B18285EC000EDDC4D /* functions_func_0x6c.html */,
				9F40B98C18285EC000EDDC4D /* functions_func_0x6e.html */,
				9F40B98D18285EC000EDDC4D /* functions_func_0x70.html */,
				9F40B98E18285EC000EDDC4D /* functions_func_0x71.html */,
				9F40B98F18285EC000EDDC4D /* functions_func_0x72.html */,
				9F40B99018285EC000EDDC4D /* functions_func_0x73.html */,
				9F40B99118285EC000EDDC4D /* functions_func_0x74.html */,
				9F40B99218285EC000EDDC4D /* functions_func_0x75.html */,
				9F40B99318285EC000EDDC4D /* functions_func_0x76.html */,
				9F40B99418285EC000EDDC4D /* functions_rela.html */,
				9F40B99518285EC000EDDC4D /* functions_vars.html */,
				9F40B99618285EC000EDDC4D /* hierarchy.html */,
				9F40B99718285EC000EDDC4D /* index.html */,
				9F40B99818285EC000EDDC4D /* pages.html */,
				9F40B99918285EC000EDDC4D /* tab_b.gif */,
				9F40B99A18285EC000EDDC4D /* tab_l.gif */,
				9F40B99B18285EC000EDDC4D /* tab_r.gif */,
				9F40B99C18285EC000EDDC4D /* tabs.css */,
				9F40B99D18285EC000EDDC4D /* tinystr_8h_source.html */,
				9F40B99E18285EC000EDDC4D /* tinyxml_8h_source.html */,
				9F40B99F18285EC000EDDC4D /* tutorial0.html */,
			);
			path = docs;
			sourceTree = "<group>";
		};
		9F40B9C91828660000EDDC4D /* cyCodeBase */ = {
			isa = PBXGroup;
			children = (
				9F40B92418285EBF00EDDC4D /* cyBVH.h */,
				9F40B92518285EBF00EDDC4D /* cyColor.h */,
				9F40B92618285EBF00EDDC4D /* cyMatrix2.h */,
				9F40B92718285EBF00EDDC4D /* cyMatrix3.h */,
				9F40B92818285EBF00EDDC4D /* cyMatrix4.h */,
				9F40B92918285EBF00EDDC4D /* cyPoint.h */,
				9F40B92A18285EBF00EDDC4D /* cyTriMesh.h */,
			);
			name = cyCodeBase;
			sourceTree = "<group>";
		};
		9F40B9CA1828662D00EDDC4D /* ppm_images */ = {
			isa = PBXGroup;
			children = (
				9F40B92218285EBF00EDDC4D /* bricks.ppm */,
				9F40B92318285EBF00EDDC4D /* clouds.ppm */,
				9F40B92B18285EBF00EDDC4D /* earthmap.ppm */,
			);
			name = ppm_images;
			sourceTree = "<group>";
		};
		9F40B9CB1828667100EDDC4D /* headers */ = {
			isa = PBXGroup;
			children = (
				9F40B92F18285EC000EDDC4D /* lights.h */,
				9F40B93118285EC000EDDC4D /* materials.h */,
				9F40B93718285EC000EDDC4D /* objects.h */,
				9F40B93D18285EC000EDDC4D /* scene.h */,
				9F40B94318285EC000EDDC4D /* texture.h */,
				9F40B94518285EC000EDDC4D /* threadpool.h */,
			);
			name = headers;
			sourceTree = "<group>";
		};
		9F40B9CC1828668F00EDDC4D /* obj */ = {
			isa = PBXGroup;
			children = (
				9F1EB45C185D229C000CB0C9 /* batmobile.obj */,
				9F1EB45D185D229C000CB0C9 /* car.obj */,
				9F40B93918285EC000EDDC4D /* Plane.obj */,
				9F40B94018285EC000EDDC4D /* teapot_hi.obj */,
			);
			name = obj;
			sourceTree = "<group>";
		};
		9F40B9CD182866AB00EDDC4D /* scene */ = {
			isa = PBXGroup;
			children = (
				9FF2161218434AD60088FACD /* bunny.obj */,
				9F40B93C18285EC000EDDC4D /* scene_2.xml */,
				9F40B93E18285EC000EDDC4D /* scene.xml */,
			);
			name = scene;
			sourceTree = "<group>";
		};
/* End PBXGroup section */

/* Begin PBXNativeTarget section */
		9F40B91518285E8B00EDDC4D /* RayTracePrj9 */ = {
			isa = PBXNativeTarget;
			buildConfigurationList = 9F40B91F18285E8B00EDDC4D /* Build configuration list for PBXNativeTarget "RayTracePrj9" */;
			buildPhases = (
				9F40B91218285E8B00EDDC4D /* Sources */,
				9F40B91318285E8B00EDDC4D /* Frameworks */,
				9F40B91418285E8B00EDDC4D /* CopyFiles */,
			);
			buildRules = (
			);
			dependencies = (
			);
			name = RayTracePrj9;
			productName = RayTracePrj9;
			productReference = 9F40B91618285E8B00EDDC4D /* RayTracePrj9 */;
			productType = "com.apple.product-type.tool";
		};
/* End PBXNativeTarget section */

/* Begin PBXProject section */
		9F40B90E18285E8B00EDDC4D /* Project object */ = {
			isa = PBXProject;
			attributes = {
				LastUpgradeCheck = 0500;
				ORGANIZATIONNAME = "Varun kumar Karuppannan";
			};
			buildConfigurationList = 9F40B91118285E8B00EDDC4D /* Build configuration list for PBXProject "RayTracePrj9" */;
			compatibilityVersion = "Xcode 3.2";
			developmentRegion = English;
			hasScannedForEncodings = 0;
			knownRegions = (
				en,
			);
			mainGroup = 9F40B90D18285E8B00EDDC4D;
			productRefGroup = 9F40B91718285E8B00EDDC4D /* Products */;
			projectDirPath = "";
			projectRoot = "";
			targets = (
				9F40B91518285E8B00EDDC4D /* RayTracePrj9 */,
			);
		};
/* End PBXProject section */

/* Begin PBXSourcesBuildPhase section */
		9F40B91218285E8B00EDDC4D /* Sources */ = {
			isa = PBXSourcesBuildPhase;
			buildActionMask = 2147483647;
			files = (
				9F40B9C818285F5900EDDC4D /* texture.h in Sources */,
				9F40B9B518285EC000EDDC4D /* main.cpp in Sources */,
				9F40B9B918285EC000EDDC4D /* threadpool.cpp in Sources */,
				9F40B9BA18285EC000EDDC4D /* Makefile in Sources */,
				9F40B9BC18285EC000EDDC4D /* tinyxml.cpp in Sources */,
				9F40B9BD18285EC000EDDC4D /* tinyxmlerror.cpp in Sources */,
				9F40B9BB18285EC000EDDC4D /* tinystr.cpp in Sources */,
				9F40B9BE18285EC000EDDC4D /* tinyxmlparser.cpp in Sources */,
			);
			runOnlyForDeploymentPostprocessing = 0;
		};
/* End PBXSourcesBuildPhase section */

/* Begin XCBuildConfiguration section */
		9F40B91D18285E8B00EDDC4D /* Debug */ = {
			isa = XCBuildConfiguration;
			buildSettings = {
				ALWAYS_SEARCH_USER_PATHS = NO;
				CLANG_CXX_LANGUAGE_STANDARD = "gnu++0x";
				CLANG_CXX_LIBRARY = "libc++";
				CLANG_ENABLE_OBJC_ARC = YES;
				CLANG_WARN_BOOL_CONVERSION = YES;
				CLANG_WARN_CONSTANT_CONVERSION = YES;
				CLANG_WARN_DIRECT_OBJC_ISA_USAGE = YES_ERROR;
				CLANG_WARN_EMPTY_BODY = YES;
				CLANG_WARN_ENUM_CONVERSION = YES;
				CLANG_WARN_INT_CONVERSION = YES;
				CLANG_WARN_OBJC_ROOT_CLASS = YES_ERROR;
				CLANG_WARN__DUPLICATE_METHOD_MATCH = YES;
				COPY_PHASE_STRIP = NO;
				GCC_C_LANGUAGE_STANDARD = gnu99;
				GCC_DYNAMIC_NO_PIC = NO;
				GCC_ENABLE_OBJC_EXCEPTIONS = YES;
				GCC_OPTIMIZATION_LEVEL = 0;
				GCC_PREPROCESSOR_DEFINITIONS = (
					"DEBUG=1",
					"$(inherited)",
				);
				GCC_SYMBOLS_PRIVATE_EXTERN = NO;
				GCC_WARN_64_TO_32_BIT_CONVERSION = YES;
				GCC_WARN_ABOUT_RETURN_TYPE = YES_ERROR;
				GCC_WARN_UNDECLARED_SELECTOR = YES;
				GCC_WARN_UNINITIALIZED_AUTOS = YES;
				GCC_WARN_UNUSED_FUNCTION = YES;
				GCC_WARN_UNUSED_VARIABLE = YES;
				MACOSX_DEPLOYMENT_TARGET = 10.9;
				ONLY_ACTIVE_ARCH = YES;
				SDKROOT = macosx;
			};
			name = Debug;
		};
		9F40B91E18285E8B00EDDC4D /* Release */ = {
			isa = XCBuildConfiguration;
			buildSettings = {
				ALWAYS_SEARCH_USER_PATHS = NO;
				CLANG_CXX_LANGUAGE_STANDARD = "gnu++0x";
				CLANG_CXX_LIBRARY = "libc++";
				CLANG_ENABLE_OBJC_ARC = YES;
				CLANG_WARN_BOOL_CONVERSION = YES;
				CLANG_WARN_CONSTANT_CONVERSION = YES;
				CLANG_WARN_DIRECT_OBJC_ISA_USAGE = YES_ERROR;
				CLANG_WARN_EMPTY_BODY = YES;
				CLANG_WARN_ENUM_CONVERSION = YES;
				CLANG_WARN_INT_CONVERSION = YES;
				CLANG_WARN_OBJC_ROOT_CLASS = YES_ERROR;
				CLANG_WARN__DUPLICATE_METHOD_MATCH = YES;
				COPY_PHASE_STRIP = YES;
				DEBUG_INFORMATION_FORMAT = "dwarf-with-dsym";
				ENABLE_NS_ASSERTIONS = NO;
				GCC_C_LANGUAGE_STANDARD = gnu99;
				GCC_ENABLE_OBJC_EXCEPTIONS = YES;
				GCC_WARN_64_TO_32_BIT_CONVERSION = YES;
				GCC_WARN_ABOUT_RETURN_TYPE = YES_ERROR;
				GCC_WARN_UNDECLARED_SELECTOR = YES;
				GCC_WARN_UNINITIALIZED_AUTOS = YES;
				GCC_WARN_UNUSED_FUNCTION = YES;
				GCC_WARN_UNUSED_VARIABLE = YES;
				MACOSX_DEPLOYMENT_TARGET = 10.9;
				SDKROOT = macosx;
			};
			name = Release;
		};
		9F40B92018285E8B00EDDC4D /* Debug */ = {
			isa = XCBuildConfiguration;
			buildSettings = {
				PRODUCT_NAME = "$(TARGET_NAME)";
			};
			name = Debug;
		};
		9F40B92118285E8B00EDDC4D /* Release */ = {
			isa = XCBuildConfiguration;
			buildSettings = {
				PRODUCT_NAME = "$(TARGET_NAME)";
			};
			name = Release;
		};
/* End XCBuildConfiguration section */

/* Begin XCConfigurationList section */
		9F40B91118285E8B00EDDC4D /* Build configuration list for PBXProject "RayTracePrj9" */ = {
			isa = XCConfigurationList;
			buildConfigurations = (
				9F40B91D18285E8B00EDDC4D /* Debug */,
				9F40B91E18285E8B00EDDC4D /* Release */,
			);
			defaultConfigurationIsVisible = 0;
			defaultConfigurationName = Release;
		};
		9F40B91F18285E8B00EDDC4D /* Build configuration list for PBXNativeTarget "RayTracePrj9" */ = {
			isa = XCConfigurationList;
			buildConfigurations = (
				9F40B92018285E8B00EDDC4D /* Debug */,
				9F40B92118285E8B00EDDC4D /* Release */,
			);
			defaultConfigurationIsVisible = 0;
			defaultConfigurationName = Release;
		};
/* End XCConfigurationList section */
	};
	rootObject = 9F40B90E18285E8B00EDDC4D /* Project object */;
}
